
Microsoft Visual Studio Solution File, Format Version 12.00
# Visual Studio Version 16
VisualStudioVersion = 16.0.29306.81
MinimumVisualStudioVersion = 10.0.40219.1
Project("{FAE04EC0-301F-11D3-BF4B-00C04F79EFBC}") = "DovotosTool", "DovotosTool\DovotosTool.csproj", "{43C35CC8-9473-4DB3-9698-B496E20EB93C}"
EndProject
Global
	GlobalSection(SolutionConfigurationPlatforms) = preSolution
		Debug|Any CPU = Debug|Any CPU
		Release|Any CPU = Release|Any CPU
	EndGlobalSection
	GlobalSection(ProjectConfigurationPlatforms) = postSolution
		{43C35CC8-9473-4DB3-9698-B496E20EB93C}.Debug|Any CPU.ActiveCfg = Debug|Any CPU
		{43C35CC8-9473-4DB3-9698-B496E20EB93C}.Debug|Any CPU.Build.0 = Debug|Any CPU
		{43C35CC8-9473-4DB3-9698-B496E20EB93C}.Release|Any CPU.ActiveCfg = Release|Any CPU
		{43C35CC8-9473-4DB3-9698-B496E20EB93C}.Release|Any CPU.Build.0 = Release|Any CPU
	EndGlobalSection
	GlobalSection(SolutionProperties) = preSolution
		HideSolutionNode = FALSE
	EndGlobalSection
	GlobalSection(ExtensibilityGlobals) = postSolution
		SolutionGuid = {C5F52877-194B-4CEE-B6C9-A99B52A69754}
	EndGlobalSection
EndGlobal
